
Microsoft Visual Studio Solution File, Format Version 12.00
# Visual Studio Version 17
VisualStudioVersion = 17.0.31919.166
MinimumVisualStudioVersion = 10.0.40219.1
Project("{2150E333-8FDC-42A3-9474-1A3956D46DE8}") = "src", "src", "{827E0CD3-B72D-47B6-A68D-7590B98EB39B}"
EndProject
Project("{FAE04EC0-301F-11D3-BF4B-00C04F79EFBC}") = "Crucible.Domain", "src\Crucible.Domain\Crucible.Domain.csproj", "{1DEB38BC-34B7-4F5B-A3DA-E6D94819E3FA}"
EndProject
Project("{FAE04EC0-301F-11D3-BF4B-00C04F79EFBC}") = "Crucible.Chains", "src\Crucible.Chains\Crucible.Chains.csproj", "{A97DCBF2-93FD-4477-94EE-F0C3F4C0FB76}"
EndProject
Project("{FAE04EC0-301F-11D3-BF4B-00C04F79EFBC}") = "Crucible.Generators", "src\Crucible.Generators\Crucible.Generators.csproj", "{DB7B1511-280D-4CD6-8532-99BDF63FFB82}"
EndProject
Project("{2150E333-8FDC-42A3-9474-1A3956D46DE8}") = "tests", "tests", "{0AB3BF05-4346-4AA6-1389-037BE0695223}"
EndProject
Project("{FAE04EC0-301F-11D3-BF4B-00C04F79EFBC}") = "Crucible.Domain.Tests", "tests\Crucible.Domain.Tests\Crucible.Domain.Tests.csproj", "{5A4FF2D0-8C01-44FD-B449-D2E4D75B5D74}"
EndProject
Project("{FAE04EC0-301F-11D3-BF4B-00C04F79EFBC}") = "Crucible.Chains.Tests", "tests\Crucible.Chains.Tests\Crucible.Chains.Tests.csproj", "{F6D784F1-B917-4056-9B44-335A11AFD066}"
EndProject
Project("{FAE04EC0-301F-11D3-BF4B-00C04F79EFBC}") = "Crucible.Generators.Tests", "tests\Crucible.Generators.Tests\Crucible.Generators.Tests.csproj", "{7624F7AF-AAE3-486A-8604-4E9F75087C3A}"
EndProject
Project("{2150E333-8FDC-42A3-9474-1A3956D46DE8}") = "samples", "samples", "{5D20AA90-6969-D8BD-9DCD-8634F4692FDA}"
EndProject
Project("{FAE04EC0-301F-11D3-BF4B-00C04F79EFBC}") = "Crucible.Sample.Orders", "samples\Crucible.Sample.Orders\Crucible.Sample.Orders.csproj", "{35295DF3-0516-497B-A0A1-DFDE0BD01D1E}"
EndProject
Project("{FAE04EC0-301F-11D3-BF4B-00C04F79EFBC}") = "Crucible.Sample.Orders.Tests", "tests\Crucible.Sample.Orders.Tests\Crucible.Sample.Orders.Tests.csproj", "{A27AC2A6-07C0-4D8E-976C-37E62E33563C}"
EndProject
Global
	GlobalSection(SolutionConfigurationPlatforms) = preSolution
		Debug|Any CPU = Debug|Any CPU
		Debug|x64 = Debug|x64
		Debug|x86 = Debug|x86
		Release|Any CPU = Release|Any CPU
		Release|x64 = Release|x64
		Release|x86 = Release|x86
	EndGlobalSection
	GlobalSection(ProjectConfigurationPlatforms) = postSolution
		{1DEB38BC-34B7-4F5B-A3DA-E6D94819E3FA}.Debug|Any CPU.ActiveCfg = Debug|Any CPU
		{1DEB38BC-34B7-4F5B-A3DA-E6D94819E3FA}.Debug|Any CPU.Build.0 = Debug|Any CPU
		{1DEB38BC-34B7-4F5B-A3DA-E6D94819E3FA}.Debug|x64.ActiveCfg = Debug|Any CPU
		{1DEB38BC-34B7-4F5B-A3DA-E6D94819E3FA}.Debug|x64.Build.0 = Debug|Any CPU
		{1DEB38BC-34B7-4F5B-A3DA-E6D94819E3FA}.Debug|x86.ActiveCfg = Debug|Any CPU
		{1DEB38BC-34B7-4F5B-A3DA-E6D94819E3FA}.Debug|x86.Build.0 = Debug|Any CPU
		{1DEB38BC-34B7-4F5B-A3DA-E6D94819E3FA}.Release|Any CPU.ActiveCfg = Release|Any CPU
		{1DEB38BC-34B7-4F5B-A3DA-E6D94819E3FA}.Release|Any CPU.Build.0 = Release|Any CPU
		{1DEB38BC-34B7-4F5B-A3DA-E6D94819E3FA}.Release|x64.ActiveCfg = Release|Any CPU
		{1DEB38BC-34B7-4F5B-A3DA-E6D94819E3FA}.Release|x64.Build.0 = Release|Any CPU
		{1DEB38BC-34B7-4F5B-A3DA-E6D94819E3FA}.Release|x86.ActiveCfg = Release|Any CPU
		{1DEB38BC-34B7-4F5B-A3DA-E6D94819E3FA}.Release|x86.Build.0 = Release|Any CPU
		{A97DCBF2-93FD-4477-94EE-F0C3F4C0FB76}.Debug|Any CPU.ActiveCfg = Debug|Any CPU
		{A97DCBF2-93FD-4477-94EE-F0C3F4C0FB76}.Debug|Any CPU.Build.0 = Debug|Any CPU
		{A97DCBF2-93FD-4477-94EE-F0C3F4C0FB76}.Debug|x64.ActiveCfg = Debug|Any CPU
		{A97DCBF2-93FD-4477-94EE-F0C3F4C0FB76}.Debug|x64.Build.0 = Debug|Any CPU
		{A97DCBF2-93FD-4477-94EE-F0C3F4C0FB76}.Debug|x86.ActiveCfg = Debug|Any CPU
		{A97DCBF2-93FD-4477-94EE-F0C3F4C0FB76}.Debug|x86.Build.0 = Debug|Any CPU
		{A97DCBF2-93FD-4477-94EE-F0C3F4C0FB76}.Release|Any CPU.ActiveCfg = Release|Any CPU
		{A97DCBF2-93FD-4477-94EE-F0C3F4C0FB76}.Release|Any CPU.Build.0 = Release|Any CPU
		{A97DCBF2-93FD-4477-94EE-F0C3F4C0FB76}.Release|x64.ActiveCfg = Release|Any CPU
		{A97DCBF2-93FD-4477-94EE-F0C3F4C0FB76}.Release|x64.Build.0 = Release|Any CPU
		{A97DCBF2-93FD-4477-94EE-F0C3F4C0FB76}.Release|x86.ActiveCfg = Release|Any CPU
		{A97DCBF2-93FD-4477-94EE-F0C3F4C0FB76}.Release|x86.Build.0 = Release|Any CPU
		{DB7B1511-280D-4CD6-8532-99BDF63FFB82}.Debug|Any CPU.ActiveCfg = Debug|Any CPU
		{DB7B1511-280D-4CD6-8532-99BDF63FFB82}.Debug|Any CPU.Build.0 = Debug|Any CPU
		{DB7B1511-280D-4CD6-8532-99BDF63FFB82}.Debug|x64.ActiveCfg = Debug|Any CPU
		{DB7B1511-280D-4CD6-8532-99BDF63FFB82}.Debug|x64.Build.0 = Debug|Any CPU
		{DB7B1511-280D-4CD6-8532-99BDF63FFB82}.Debug|x86.ActiveCfg = Debug|Any CPU
		{DB7B1511-280D-4CD6-8532-99BDF63FFB82}.Debug|x86.Build.0 = Debug|Any CPU
		{DB7B1511-280D-4CD6-8532-99BDF63FFB82}.Release|Any CPU.ActiveCfg = Release|Any CPU
		{DB7B1511-280D-4CD6-8532-99BDF63FFB82}.Release|Any CPU.Build.0 = Release|Any CPU
		{DB7B1511-280D-4CD6-8532-99BDF63FFB82}.Release|x64.ActiveCfg = Release|Any CPU
		{DB7B1511-280D-4CD6-8532-99BDF63FFB82}.Release|x64.Build.0 = Release|Any CPU
		{DB7B1511-280D-4CD6-8532-99BDF63FFB82}.Release|x86.ActiveCfg = Release|Any CPU
		{DB7B1511-280D-4CD6-8532-99BDF63FFB82}.Release|x86.Build.0 = Release|Any CPU
		{5A4FF2D0-8C01-44FD-B449-D2E4D75B5D74}.Debug|Any CPU.ActiveCfg = Debug|Any CPU
		{5A4FF2D0-8C01-44FD-B449-D2E4D75B5D74}.Debug|Any CPU.Build.0 = Debug|Any CPU
		{5A4FF2D0-8C01-44FD-B449-D2E4D75B5D74}.Debug|x64.ActiveCfg = Debug|Any CPU
		{5A4FF2D0-8C01-44FD-B449-D2E4D75B5D74}.Debug|x64.Build.0 = Debug|Any CPU
		{5A4FF2D0-8C01-44FD-B449-D2E4D75B5D74}.Debug|x86.ActiveCfg = Debug|Any CPU
		{5A4FF2D0-8C01-44FD-B449-D2E4D75B5D74}.Debug|x86.Build.0 = Debug|Any CPU
		{5A4FF2D0-8C01-44FD-B449-D2E4D75B5D74}.Release|Any CPU.ActiveCfg = Release|Any CPU
		{5A4FF2D0-8C01-44FD-B449-D2E4D75B5D74}.Release|Any CPU.Build.0 = Release|Any CPU
		{5A4FF2D0-8C01-44FD-B449-D2E4D75B5D74}.Release|x64.ActiveCfg = Release|Any CPU
		{5A4FF2D0-8C01-44FD-B449-D2E4D75B5D74}.Release|x64.Build.0 = Release|Any CPU
		{5A4FF2D0-8C01-44FD-B449-D2E4D75B5D74}.Release|x86.ActiveCfg = Release|Any CPU
		{5A4FF2D0-8C01-44FD-B449-D2E4D75B5D74}.Release|x86.Build.0 = Release|Any CPU
		{F6D784F1-B917-4056-9B44-335A11AFD066}.Debug|Any CPU.ActiveCfg = Debug|Any CPU
		{F6D784F1-B917-4056-9B44-335A11AFD066}.Debug|Any CPU.Build.0 = Debug|Any CPU
		{F6D784F1-B917-4056-9B44-335A11AFD066}.Debug|x64.ActiveCfg = Debug|Any CPU
		{F6D784F1-B917-4056-9B44-335A11AFD066}.Debug|x64.Build.0 = Debug|Any CPU
		{F6D784F1-B917-4056-9B44-335A11AFD066}.Debug|x86.ActiveCfg = Debug|Any CPU
		{F6D784F1-B917-4056-9B44-335A11AFD066}.Debug|x86.Build.0 = Debug|Any CPU
		{F6D784F1-B917-4056-9B44-335A11AFD066}.Release|Any CPU.ActiveCfg = Release|Any CPU
		{F6D784F1-B917-4056-9B44-335A11AFD066}.Release|Any CPU.Build.0 = Release|Any CPU
		{F6D784F1-B917-4056-9B44-335A11AFD066}.Release|x64.ActiveCfg = Release|Any CPU
		{F6D784F1-B917-4056-9B44-335A11AFD066}.Release|x64.Build.0 = Release|Any CPU
		{F6D784F1-B917-4056-9B44-335A11AFD066}.Release|x86.ActiveCfg = Release|Any CPU
		{F6D784F1-B917-4056-9B44-335A11AFD066}.Release|x86.Build.0 = Release|Any CPU
		{7624F7AF-AAE3-486A-8604-4E9F75087C3A}.Debug|Any CPU.ActiveCfg = Debug|Any CPU
		{7624F7AF-AAE3-486A-8604-4E9F75087C3A}.Debug|Any CPU.Build.0 = Debug|Any CPU
		{7624F7AF-AAE3-486A-8604-4E9F75087C3A}.Debug|x64.ActiveCfg = Debug|Any CPU
		{7624F7AF-AAE3-486A-8604-4E9F75087C3A}.Debug|x64.Build.0 = Debug|Any CPU
		{7624F7AF-AAE3-486A-8604-4E9F75087C3A}.Debug|x86.ActiveCfg = Debug|Any CPU
		{7624F7AF-AAE3-486A-8604-4E9F75087C3A}.Debug|x86.Build.0 = Debug|Any CPU
		{7624F7AF-AAE3-486A-8604-4E9F75087C3A}.Release|Any CPU.ActiveCfg = Release|Any CPU
		{7624F7AF-AAE3-486A-8604-4E9F75087C3A}.Release|Any CPU.Build.0 = Release|Any CPU
		{7624F7AF-AAE3-486A-8604-4E9F75087C3A}.Release|x64.ActiveCfg = Release|Any CPU
		{7624F7AF-AAE3-486A-8604-4E9F75087C3A}.Release|x64.Build.0 = Release|Any CPU
		{7624F7AF-AAE3-486A-8604-4E9F75087C3A}.Release|x86.ActiveCfg = Release|Any CPU
		{7624F7AF-AAE3-486A-8604-4E9F75087C3A}.Release|x86.Build.0 = Release|Any CPU
		{35295DF3-0516-497B-A0A1-DFDE0BD01D1E}.Debug|Any CPU.ActiveCfg = Debug|Any CPU
		{35295DF3-0516-497B-A0A1-DFDE0BD01D1E}.Debug|Any CPU.Build.0 = Debug|Any CPU
		{35295DF3-0516-497B-A0A1-DFDE0BD01D1E}.Debug|x64.ActiveCfg = Debug|Any CPU
		{35295DF3-0516-497B-A0A1-DFDE0BD01D1E}.Debug|x64.Build.0 = Debug|Any CPU
		{35295DF3-0516-497B-A0A1-DFDE0BD01D1E}.Debug|x86.ActiveCfg = Debug|Any CPU
		{35295DF3-0516-497B-A0A1-DFDE0BD01D1E}.Debug|x86.Build.0 = Debug|Any CPU
		{35295DF3-0516-497B-A0A1-DFDE0BD01D1E}.Release|Any CPU.ActiveCfg = Release|Any CPU
		{35295DF3-0516-497B-A0A1-DFDE0BD01D1E}.Release|Any CPU.Build.0 = Release|Any CPU
		{35295DF3-0516-497B-A0A1-DFDE0BD01D1E}.Release|x64.ActiveCfg = Release|Any CPU
		{35295DF3-0516-497B-A0A1-DFDE0BD01D1E}.Release|x64.Build.0 = Release|Any CPU
		{35295DF3-0516-497B-A0A1-DFDE0BD01D1E}.Release|x86.ActiveCfg = Release|Any CPU
		{35295DF3-0516-497B-A0A1-DFDE0BD01D1E}.Release|x86.Build.0 = Release|Any CPU
		{A27AC2A6-07C0-4D8E-976C-37E62E33563C}.Debug|Any CPU.ActiveCfg = Debug|Any CPU
		{A27AC2A6-07C0-4D8E-976C-37E62E33563C}.Debug|Any CPU.Build.0 = Debug|Any CPU
		{A27AC2A6-07C0-4D8E-976C-37E62E33563C}.Debug|x64.ActiveCfg = Debug|Any CPU
		{A27AC2A6-07C0-4D8E-976C-37E62E33563C}.Debug|x64.Build.0 = Debug|Any CPU
		{A27AC2A6-07C0-4D8E-976C-37E62E33563C}.Debug|x86.ActiveCfg = Debug|Any CPU
		{A27AC2A6-07C0-4D8E-976C-37E62E33563C}.Debug|x86.Build.0 = Debug|Any CPU
		{A27AC2A6-07C0-4D8E-976C-37E62E33563C}.Release|Any CPU.ActiveCfg = Release|Any CPU
		{A27AC2A6-07C0-4D8E-976C-37E62E33563C}.Release|Any CPU.Build.0 = Release|Any CPU
		{A27AC2A6-07C0-4D8E-976C-37E62E33563C}.Release|x64.ActiveCfg = Release|Any CPU
		{A27AC2A6-07C0-4D8E-976C-37E62E33563C}.Release|x64.Build.0 = Release|Any CPU
		{A27AC2A6-07C0-4D8E-976C-37E62E33563C}.Release|x86.ActiveCfg = Release|Any CPU
		{A27AC2A6-07C0-4D8E-976C-37E62E33563C}.Release|x86.Build.0 = Release|Any CPU
	EndGlobalSection
	GlobalSection(SolutionProperties) = preSolution
		HideSolutionNode = FALSE
	EndGlobalSection
	GlobalSection(NestedProjects) = preSolution
		{1DEB38BC-34B7-4F5B-A3DA-E6D94819E3FA} = {827E0CD3-B72D-47B6-A68D-7590B98EB39B}
		{A97DCBF2-93FD-4477-94EE-F0C3F4C0FB76} = {827E0CD3-B72D-47B6-A68D-7590B98EB39B}
		{DB7B1511-280D-4CD6-8532-99BDF63FFB82} = {827E0CD3-B72D-47B6-A68D-7590B98EB39B}
		{5A4FF2D0-8C01-44FD-B449-D2E4D75B5D74} = {0AB3BF05-4346-4AA6-1389-037BE0695223}
		{F6D784F1-B917-4056-9B44-335A11AFD066} = {0AB3BF05-4346-4AA6-1389-037BE0695223}
		{7624F7AF-AAE3-486A-8604-4E9F75087C3A} = {0AB3BF05-4346-4AA6-1389-037BE0695223}
		{35295DF3-0516-497B-A0A1-DFDE0BD01D1E} = {5D20AA90-6969-D8BD-9DCD-8634F4692FDA}
		{A27AC2A6-07C0-4D8E-976C-37E62E33563C} = {0AB3BF05-4346-4AA6-1389-037BE0695223}
	EndGlobalSection
EndGlobal
